
Microsoft Visual Studio Solution File, Format Version 12.00
# Visual Studio Version 17
VisualStudioVersion = 17.10.35013.160
MinimumVisualStudioVersion = 10.0.40219.1
Project("{FAE04EC0-301F-11D3-BF4B-00C04F79EFBC}") = "Manager", "Manager.csproj", "{0565BA26-7BD0-4DE8-917C-08FD35E45243}"
EndProject
Global
	GlobalSection(SolutionConfigurationPlatforms) = preSolution
		Debug|Any CPU = Debug|Any CPU
		Release|Any CPU = Release|Any CPU
	EndGlobalSection
	GlobalSection(ProjectConfigurationPlatforms) = postSolution
		{0565BA26-7BD0-4DE8-917C-08FD35E45243}.Debug|Any CPU.ActiveCfg = Debug|Any CPU
		{0565BA26-7BD0-4DE8-917C-08FD35E45243}.Debug|Any CPU.Build.0 = Debug|Any CPU
		{0565BA26-7BD0-4DE8-917C-08FD35E45243}.Release|Any CPU.ActiveCfg = Release|Any CPU
		{0565BA26-7BD0-4DE8-917C-08FD35E45243}.Release|Any CPU.Build.0 = Release|Any CPU
	EndGlobalSection
	GlobalSection(SolutionProperties) = preSolution
		HideSolutionNode = FALSE
	EndGlobalSection
	GlobalSection(ExtensibilityGlobals) = postSolution
		SolutionGuid = {8C49BE63-EBF9-48E5-96B9-DEE72037BEC2}
	EndGlobalSection
EndGlobal
